
Microsoft Visual Studio Solution File, Format Version 12.00
# Visual Studio Version 17
VisualStudioVersion = 17.0.31903.59
MinimumVisualStudioVersion = 10.0.40219.1
Project("{FAE04EC0-301F-11D3-BF4B-00C04F79EFBC}") = "backend", "backend\backend.csproj", "{0D895900-2803-43DF-BADB-BCE0323F333B}"
EndProject
Project("{FAE04EC0-301F-11D3-BF4B-00C04F79EFBC}") = "backend.Tests", "backend.Tests\backend.Tests.csproj", "{1F6381EB-964B-464D-84F9-A7CE98B7BFC4}"
EndProject
Global
	GlobalSection(SolutionConfigurationPlatforms) = preSolution
		Debug|Any CPU = Debug|Any CPU
		Release|Any CPU = Release|Any CPU
	EndGlobalSection
	GlobalSection(SolutionProperties) = preSolution
		HideSolutionNode = FALSE
	EndGlobalSection
	GlobalSection(ProjectConfigurationPlatforms) = postSolution
		{0D895900-2803-43DF-BADB-BCE0323F333B}.Debug|Any CPU.ActiveCfg = Debug|Any CPU
		{0D895900-2803-43DF-BADB-BCE0323F333B}.Debug|Any CPU.Build.0 = Debug|Any CPU
		{0D895900-2803-43DF-BADB-BCE0323F333B}.Release|Any CPU.ActiveCfg = Release|Any CPU
		{0D895900-2803-43DF-BADB-BCE0323F333B}.Release|Any CPU.Build.0 = Release|Any CPU
		{1F6381EB-964B-464D-84F9-A7CE98B7BFC4}.Debug|Any CPU.ActiveCfg = Debug|Any CPU
		{1F6381EB-964B-464D-84F9-A7CE98B7BFC4}.Debug|Any CPU.Build.0 = Debug|Any CPU
		{1F6381EB-964B-464D-84F9-A7CE98B7BFC4}.Release|Any CPU.ActiveCfg = Release|Any CPU
		{1F6381EB-964B-464D-84F9-A7CE98B7BFC4}.Release|Any CPU.Build.0 = Release|Any CPU
	EndGlobalSection
EndGlobal
